
Microsoft Visual Studio Solution File, Format Version 12.00
# Visual Studio Version 17
VisualStudioVersion = 17.11.35222.181
MinimumVisualStudioVersion = 10.0.40219.1
Project("{9A19103F-16F7-4668-BE54-9A1E7A4F7556}") = "cursova", "cursova\cursova.csproj", "{F78EDFC3-D467-4812-9D8C-77E2534E277D}"
EndProject
Project("{FAE04EC0-301F-11D3-BF4B-00C04F79EFBC}") = "cursova.Api", "cursova.Api\cursova.Api.csproj", "{F796AA8A-CBEC-473C-A340-0554731E2CE1}"
EndProject
Global
	GlobalSection(SolutionConfigurationPlatforms) = preSolution
		Debug|Any CPU = Debug|Any CPU
		Release|Any CPU = Release|Any CPU
	EndGlobalSection
	GlobalSection(ProjectConfigurationPlatforms) = postSolution
		{F78EDFC3-D467-4812-9D8C-77E2534E277D}.Debug|Any CPU.ActiveCfg = Debug|Any CPU
		{F78EDFC3-D467-4812-9D8C-77E2534E277D}.Debug|Any CPU.Build.0 = Debug|Any CPU
		{F78EDFC3-D467-4812-9D8C-77E2534E277D}.Debug|Any CPU.Deploy.0 = Debug|Any CPU
		{F78EDFC3-D467-4812-9D8C-77E2534E277D}.Release|Any CPU.ActiveCfg = Release|Any CPU
		{F78EDFC3-D467-4812-9D8C-77E2534E277D}.Release|Any CPU.Build.0 = Release|Any CPU
		{F78EDFC3-D467-4812-9D8C-77E2534E277D}.Release|Any CPU.Deploy.0 = Release|Any CPU
		{F796AA8A-CBEC-473C-A340-0554731E2CE1}.Debug|Any CPU.ActiveCfg = Debug|Any CPU
		{F796AA8A-CBEC-473C-A340-0554731E2CE1}.Debug|Any CPU.Build.0 = Debug|Any CPU
		{F796AA8A-CBEC-473C-A340-0554731E2CE1}.Release|Any CPU.ActiveCfg = Release|Any CPU
		{F796AA8A-CBEC-473C-A340-0554731E2CE1}.Release|Any CPU.Build.0 = Release|Any CPU
	EndGlobalSection
	GlobalSection(SolutionProperties) = preSolution
		HideSolutionNode = FALSE
	EndGlobalSection
	GlobalSection(ExtensibilityGlobals) = postSolution
		SolutionGuid = {575FF608-C9F4-4AF2-8554-923896AB8442}
	EndGlobalSection
EndGlobal
